{
  "name": "actividad-ephemeral",
  "version": "1.0.0",
  "description": "Aplicación Node.js para la actividad 2.3 Ephemeral Environments",
  "main": "index.js",
  "scripts": {
    "start": "node index.js"
  },
  "author": "Connie Garcirrojas Camarillo",
  "license": "ISC",
  "dependencies": {
    "express": "^5.1.0"
  }
}